
Microsoft Visual Studio Solution File, Format Version 12.00
# Visual Studio Version 16
VisualStudioVersion = 16.0.32901.82
MinimumVisualStudioVersion = 10.0.40219.1
Project("{FAE04EC0-301F-11D3-BF4B-00C04F79EFBC}") = "LabelingToolWpfApp", "LabelingToolWpfApp\LabelingToolWpfApp.csproj", "{554E0902-6FE5-45D7-8824-62C65B6DFA56}"
EndProject
Global
	GlobalSection(SolutionConfigurationPlatforms) = preSolution
		Debug|Any CPU = Debug|Any CPU
		Release|Any CPU = Release|Any CPU
	EndGlobalSection
	GlobalSection(ProjectConfigurationPlatforms) = postSolution
		{554E0902-6FE5-45D7-8824-62C65B6DFA56}.Debug|Any CPU.ActiveCfg = Debug|Any CPU
		{554E0902-6FE5-45D7-8824-62C65B6DFA56}.Debug|Any CPU.Build.0 = Debug|Any CPU
		{554E0902-6FE5-45D7-8824-62C65B6DFA56}.Release|Any CPU.ActiveCfg = Release|Any CPU
		{554E0902-6FE5-45D7-8824-62C65B6DFA56}.Release|Any CPU.Build.0 = Release|Any CPU
	EndGlobalSection
	GlobalSection(SolutionProperties) = preSolution
		HideSolutionNode = FALSE
	EndGlobalSection
	GlobalSection(ExtensibilityGlobals) = postSolution
		SolutionGuid = {8E39F3F9-6CE6-4638-A512-8DA14CA5BDF0}
	EndGlobalSection
EndGlobal
